
Microsoft Visual Studio Solution File, Format Version 12.00
# Visual Studio Version 17
VisualStudioVersion = 17.4.33122.133
MinimumVisualStudioVersion = 10.0.40219.1
Project("{8BC9CEB8-8B4A-11D0-8D11-00A0C91BC942}") = "CudaRuntime1", "CudaRuntime1\CudaRuntime1.vcxproj", "{E4333477-FA4D-4BE1-A64A-CA9CB8A6261C}"
EndProject
Global
	GlobalSection(SolutionConfigurationPlatforms) = preSolution
		Debug|x64 = Debug|x64
		Release|x64 = Release|x64
	EndGlobalSection
	GlobalSection(ProjectConfigurationPlatforms) = postSolution
		{E4333477-FA4D-4BE1-A64A-CA9CB8A6261C}.Debug|x64.ActiveCfg = Debug|x64
		{E4333477-FA4D-4BE1-A64A-CA9CB8A6261C}.Debug|x64.Build.0 = Debug|x64
		{E4333477-FA4D-4BE1-A64A-CA9CB8A6261C}.Release|x64.ActiveCfg = Release|x64
		{E4333477-FA4D-4BE1-A64A-CA9CB8A6261C}.Release|x64.Build.0 = Release|x64
	EndGlobalSection
	GlobalSection(SolutionProperties) = preSolution
		HideSolutionNode = FALSE
	EndGlobalSection
	GlobalSection(ExtensibilityGlobals) = postSolution
		SolutionGuid = {EC57272E-9AF3-4FC3-A89B-0A4D81B8D6A7}
	EndGlobalSection
EndGlobal
