
Microsoft Visual Studio Solution File, Format Version 12.00
# Visual Studio Version 17
VisualStudioVersion = 17.4.33110.190
MinimumVisualStudioVersion = 10.0.40219.1
Project("{8BC9CEB8-8B4A-11D0-8D11-00A0C91BC942}") = "Practica3", "Practica3\Practica3.vcxproj", "{C6B36865-0745-4116-82F5-D0DF38A68C80}"
EndProject
Global
	GlobalSection(SolutionConfigurationPlatforms) = preSolution
		Debug|x64 = Debug|x64
		Release|x64 = Release|x64
	EndGlobalSection
	GlobalSection(ProjectConfigurationPlatforms) = postSolution
		{C6B36865-0745-4116-82F5-D0DF38A68C80}.Debug|x64.ActiveCfg = Debug|x64
		{C6B36865-0745-4116-82F5-D0DF38A68C80}.Debug|x64.Build.0 = Debug|x64
		{C6B36865-0745-4116-82F5-D0DF38A68C80}.Release|x64.ActiveCfg = Release|x64
		{C6B36865-0745-4116-82F5-D0DF38A68C80}.Release|x64.Build.0 = Release|x64
	EndGlobalSection
	GlobalSection(SolutionProperties) = preSolution
		HideSolutionNode = FALSE
	EndGlobalSection
	GlobalSection(ExtensibilityGlobals) = postSolution
		SolutionGuid = {956DC44C-B8EB-4CC9-B9D2-DBDD22792C74}
	EndGlobalSection
EndGlobal
